// !$*UTF8*$!
{
	archiveVersion = 1;
	classes = {
	};
	objectVersion = 50;
	objects = {

/* Begin PBXBuildFile section */
		422A9B942629EF4100CDDF98 /* AppDelegate.swift in Sources */ = {isa = PBXBuildFile; fileRef = 422A9B932629EF4100CDDF98 /* AppDelegate.swift */; };
		422A9B962629EF4100CDDF98 /* SceneDelegate.swift in Sources */ = {isa = PBXBuildFile; fileRef = 422A9B952629EF4100CDDF98 /* SceneDelegate.swift */; };
		422A9B982629EF4100CDDF98 /* ViewController.swift in Sources */ = {isa = PBXBuildFile; fileRef = 422A9B972629EF4100CDDF98 /* ViewController.swift */; };
		422A9B9B2629EF4100CDDF98 /* Main.storyboard in Resources */ = {isa = PBXBuildFile; fileRef = 422A9B992629EF4100CDDF98 /* Main.storyboard */; };
		422A9B9D2629EF4200CDDF98 /* Assets.xcassets in Resources */ = {isa = PBXBuildFile; fileRef = 422A9B9C2629EF4200CDDF98 /* Assets.xcassets */; };
		422A9BA02629EF4200CDDF98 /* LaunchScreen.storyboard in Resources */ = {isa = PBXBuildFile; fileRef = 422A9B9E2629EF4200CDDF98 /* LaunchScreen.storyboard */; };
		42DA3D032632B17E00374EB5 /* service.swift in Sources */ = {isa = PBXBuildFile; fileRef = 42DA3D022632B17E00374EB5 /* service.swift */; };
		42DA3D062632B5F400374EB5 /* drinks.swift in Sources */ = {isa = PBXBuildFile; fileRef = 42DA3D052632B5F400374EB5 /* drinks.swift */; };
/* End PBXBuildFile section */

/* Begin PBXFileReference section */
		422A9B902629EF4100CDDF98 /* Coffee Machine.app */ = {isa = PBXFileReference; explicitFileType = wrapper.application; includeInIndex = 0; path = "Coffee Machine.app"; sourceTree = BUILT_PRODUCTS_DIR; };
		422A9B932629EF4100CDDF98 /* AppDelegate.swift */ = {isa = PBXFileReference; lastKnownFileType = sourcecode.swift; path = AppDelegate.swift; sourceTree = "<group>"; };
		422A9B952629EF4100CDDF98 /* SceneDelegate.swift */ = {isa = PBXFileReference; lastKnownFileType = sourcecode.swift; path = SceneDelegate.swift; sourceTree = "<group>"; };
		422A9B972629EF4100CDDF98 /* ViewController.swift */ = {isa = PBXFileReference; lastKnownFileType = sourcecode.swift; path = ViewController.swift; sourceTree = "<group>"; };
		422A9B9A2629EF4100CDDF98 /* Base */ = {isa = PBXFileReference; lastKnownFileType = file.storyboard; name = Base; path = Base.lproj/Main.storyboard; sourceTree = "<group>"; };
		422A9B9C2629EF4200CDDF98 /* Assets.xcassets */ = {isa = PBXFileReference; lastKnownFileType = folder.assetcatalog; path = Assets.xcassets; sourceTree = "<group>"; };
		422A9B9F2629EF4200CDDF98 /* Base */ = {isa = PBXFileReference; lastKnownFileType = file.storyboard; name = Base; path = Base.lproj/LaunchScreen.storyboard; sourceTree = "<group>"; };
		422A9BA12629EF4200CDDF98 /* Info.plist */ = {isa = PBXFileReference; lastKnownFileType = text.plist.xml; path = Info.plist; sourceTree = "<group>"; };
		42DA3D022632B17E00374EB5 /* service.swift */ = {isa = PBXFileReference; lastKnownFileType = sourcecode.swift; path = service.swift; sourceTree = "<group>"; };
		42DA3D052632B5F400374EB5 /* drinks.swift */ = {isa = PBXFileReference; lastKnownFileType = sourcecode.swift; path = drinks.swift; sourceTree = "<group>"; };
/* End PBXFileReference section */

/* Begin PBXFrameworksBuildPhase section */
		422A9B8D2629EF4100CDDF98 /* Frameworks */ = {
			isa = PBXFrameworksBuildPhase;
			buildActionMask = 2147483647;
			files = (
			);
			runOnlyForDeploymentPostprocessing = 0;
		};
/* End PBXFrameworksBuildPhase section */

/* Begin PBXGroup section */
		422A9B872629EF4100CDDF98 = {
			isa = PBXGroup;
			children = (
				422A9B922629EF4100CDDF98 /* Coffee Machine */,
				422A9B912629EF4100CDDF98 /* Products */,
			);
			sourceTree = "<group>";
		};
		422A9B912629EF4100CDDF98 /* Products */ = {
			isa = PBXGroup;
			children = (
				422A9B902629EF4100CDDF98 /* Coffee Machine.app */,
			);
			name = Products;
			sourceTree = "<group>";
		};
		422A9B922629EF4100CDDF98 /* Coffee Machine */ = {
			isa = PBXGroup;
			children = (
				422A9B932629EF4100CDDF98 /* AppDelegate.swift */,
				422A9B952629EF4100CDDF98 /* SceneDelegate.swift */,
				422A9B972629EF4100CDDF98 /* ViewController.swift */,
				422A9B992629EF4100CDDF98 /* Main.storyboard */,
				42DA3D052632B5F400374EB5 /* drinks.swift */,
				42DA3D022632B17E00374EB5 /* service.swift */,
				422A9B9C2629EF4200CDDF98 /* Assets.xcassets */,
				422A9B9E2629EF4200CDDF98 /* LaunchScreen.storyboard */,
				422A9BA12629EF4200CDDF98 /* Info.plist */,
			);
			path = "Coffee Machine";
			sourceTree = "<group>";
		};
/* End PBXGroup section */

/* Begin PBXNativeTarget section */
		422A9B8F2629EF4100CDDF98 /* Coffee Machine */ = {
			isa = PBXNativeTarget;
			buildConfigurationList = 422A9BA42629EF4200CDDF98 /* Build configuration list for PBXNativeTarget "Coffee Machine" */;
			buildPhases = (
				422A9B8C2629EF4100CDDF98 /* Sources */,
				422A9B8D2629EF4100CDDF98 /* Frameworks */,
				422A9B8E2629EF4100CDDF98 /* Resources */,
			);
			buildRules = (
			);
			dependencies = (
			);
			name = "Coffee Machine";
			productName = "Coffee Machine";
			productReference = 422A9B902629EF4100CDDF98 /* Coffee Machine.app */;
			productType = "com.apple.product-type.application";
		};
/* End PBXNativeTarget section */

/* Begin PBXProject section */
		422A9B882629EF4100CDDF98 /* Project object */ = {
			isa = PBXProject;
			attributes = {
				LastSwiftUpdateCheck = 1240;
				LastUpgradeCheck = 1240;
				TargetAttributes = {
					422A9B8F2629EF4100CDDF98 = {
						CreatedOnToolsVersion = 12.4;
					};
				};
			};
			buildConfigurationList = 422A9B8B2629EF4100CDDF98 /* Build configuration list for PBXProject "Coffee Machine" */;
			compatibilityVersion = "Xcode 9.3";
			developmentRegion = en;
			hasScannedForEncodings = 0;
			knownRegions = (
				en,
				Base,
			);
			mainGroup = 422A9B872629EF4100CDDF98;
			productRefGroup = 422A9B912629EF4100CDDF98 /* Products */;
			projectDirPath = "";
			projectRoot = "";
			targets = (
				422A9B8F2629EF4100CDDF98 /* Coffee Machine */,
			);
		};
/* End PBXProject section */

/* Begin PBXResourcesBuildPhase section */
		422A9B8E2629EF4100CDDF98 /* Resources */ = {
			isa = PBXResourcesBuildPhase;
			buildActionMask = 2147483647;
			files = (
				422A9BA02629EF4200CDDF98 /* LaunchScreen.storyboard in Resources */,
				422A9B9D2629EF4200CDDF98 /* Assets.xcassets in Resources */,
				422A9B9B2629EF4100CDDF98 /* Main.storyboard in Resources */,
			);
			runOnlyForDeploymentPostprocessing = 0;
		};
/* End PBXResourcesBuildPhase section */

/* Begin PBXSourcesBuildPhase section */
		422A9B8C2629EF4100CDDF98 /* Sources */ = {
			isa = PBXSourcesBuildPhase;
			buildActionMask = 2147483647;
			files = (
				422A9B982629EF4100CDDF98 /* ViewController.swift in Sources */,
				42DA3D032632B17E00374EB5 /* service.swift in Sources */,
				42DA3D062632B5F400374EB5 /* drinks.swift in Sources */,
				422A9B942629EF4100CDDF98 /* AppDelegate.swift in Sources */,
				422A9B962629EF4100CDDF98 /* SceneDelegate.swift in Sources */,
			);
			runOnlyForDeploymentPostprocessing = 0;
		};
/* End PBXSourcesBuildPhase section */

/* Begin PBXVariantGroup section */
		422A9B992629EF4100CDDF98 /* Main.storyboard */ = {
			isa = PBXVariantGroup;
			children = (
				422A9B9A2629EF4100CDDF98 /* Base */,
			);
			name = Main.storyboard;
			sourceTree = "<group>";
		};
		422A9B9E2629EF4200CDDF98 /* LaunchScreen.storyboard */ = {
			isa = PBXVariantGroup;
			children = (
				422A9B9F2629EF4200CDDF98 /* Base */,
			);
			name = LaunchScreen.storyboard;
			sourceTree = "<group>";
		};
/* End PBXVariantGroup section */

/* Begin XCBuildConfiguration section */
		422A9BA22629EF4200CDDF98 /* Debug */ = {
			isa = XCBuildConfiguration;
			buildSettings = {
				ALWAYS_SEARCH_USER_PATHS = NO;
				CLANG_ANALYZER_NONNULL = YES;
				CLANG_ANALYZER_NUMBER_OBJECT_CONVERSION = YES_AGGRESSIVE;
				CLANG_CXX_LANGUAGE_STANDARD = "gnu++14";
				CLANG_CXX_LIBRARY = "libc++";
				CLANG_ENABLE_MODULES = YES;
				CLANG_ENABLE_OBJC_ARC = YES;
				CLANG_ENABLE_OBJC_WEAK = YES;
				CLANG_WARN_BLOCK_CAPTURE_AUTORELEASING = YES;
				CLANG_WARN_BOOL_CONVERSION = YES;
				CLANG_WARN_COMMA = YES;
				CLANG_WARN_CONSTANT_CONVERSION = YES;
				CLANG_WARN_DEPRECATED_OBJC_IMPLEMENTATIONS = YES;
				CLANG_WARN_DIRECT_OBJC_ISA_USAGE = YES_ERROR;
				CLANG_WARN_DOCUMENTATION_COMMENTS = YES;
				CLANG_WARN_EMPTY_BODY = YES;
				CLANG_WARN_ENUM_CONVERSION = YES;
				CLANG_WARN_INFINITE_RECURSION = YES;
				CLANG_WARN_INT_CONVERSION = YES;
				CLANG_WARN_NON_LITERAL_NULL_CONVERSION = YES;
				CLANG_WARN_OBJC_IMPLICIT_RETAIN_SELF = YES;
				CLANG_WARN_OBJC_LITERAL_CONVERSION = YES;
				CLANG_WARN_OBJC_ROOT_CLASS = YES_ERROR;
				CLANG_WARN_QUOTED_INCLUDE_IN_FRAMEWORK_HEADER = YES;
				CLANG_WARN_RANGE_LOOP_ANALYSIS = YES;
				CLANG_WARN_STRICT_PROTOTYPES = YES;
				CLANG_WARN_SUSPICIOUS_MOVE = YES;
				CLANG_WARN_UNGUARDED_AVAILABILITY = YES_AGGRESSIVE;
				CLANG_WARN_UNREACHABLE_CODE = YES;
				CLANG_WARN__DUPLICATE_METHOD_MATCH = YES;
				COPY_PHASE_STRIP = NO;
				DEBUG_INFORMATION_FORMAT = dwarf;
				ENABLE_STRICT_OBJC_MSGSEND = YES;
				ENABLE_TESTABILITY = YES;
				GCC_C_LANGUAGE_STANDARD = gnu11;
				GCC_DYNAMIC_NO_PIC = NO;
				GCC_NO_COMMON_BLOCKS = YES;
				GCC_OPTIMIZATION_LEVEL = 0;
				GCC_PREPROCESSOR_DEFINITIONS = (
					"DEBUG=1",
					"$(inherited)",
				);
				GCC_WARN_64_TO_32_BIT_CONVERSION = YES;
				GCC_WARN_ABOUT_RETURN_TYPE = YES_ERROR;
				GCC_WARN_UNDECLARED_SELECTOR = YES;
				GCC_WARN_UNINITIALIZED_AUTOS = YES_AGGRESSIVE;
				GCC_WARN_UNUSED_FUNCTION = YES;
				GCC_WARN_UNUSED_VARIABLE = YES;
				IPHONEOS_DEPLOYMENT_TARGET = 14.4;
				MTL_ENABLE_DEBUG_INFO = INCLUDE_SOURCE;
				MTL_FAST_MATH = YES;
				ONLY_ACTIVE_ARCH = YES;
				SDKROOT = iphoneos;
				SWIFT_ACTIVE_COMPILATION_CONDITIONS = DEBUG;
				SWIFT_OPTIMIZATION_LEVEL = "-Onone";
			};
			name = Debug;
		};
		422A9BA32629EF4200CDDF98 /* Release */ = {
			isa = XCBuildConfiguration;
			buildSettings = {
				ALWAYS_SEARCH_USER_PATHS = NO;
				CLANG_ANALYZER_NONNULL = YES;
				CLANG_ANALYZER_NUMBER_OBJECT_CONVERSION = YES_AGGRESSIVE;
				CLANG_CXX_LANGUAGE_STANDARD = "gnu++14";
				CLANG_CXX_LIBRARY = "libc++";
				CLANG_ENABLE_MODULES = YES;
				CLANG_ENABLE_OBJC_ARC = YES;
				CLANG_ENABLE_OBJC_WEAK = YES;
				CLANG_WARN_BLOCK_CAPTURE_AUTORELEASING = YES;
				CLANG_WARN_BOOL_CONVERSION = YES;
				CLANG_WARN_COMMA = YES;
				CLANG_WARN_CONSTANT_CONVERSION = YES;
				CLANG_WARN_DEPRECATED_OBJC_IMPLEMENTATIONS = YES;
				CLANG_WARN_DIRECT_OBJC_ISA_USAGE = YES_ERROR;
				CLANG_WARN_DOCUMENTATION_COMMENTS = YES;
				CLANG_WARN_EMPTY_BODY = YES;
				CLANG_WARN_ENUM_CONVERSION = YES;
				CLANG_WARN_INFINITE_RECURSION = YES;
				CLANG_WARN_INT_CONVERSION = YES;
				CLANG_WARN_NON_LITERAL_NULL_CONVERSION = YES;
				CLANG_WARN_OBJC_IMPLICIT_RETAIN_SELF = YES;
				CLANG_WARN_OBJC_LITERAL_CONVERSION = YES;
				CLANG_WARN_OBJC_ROOT_CLASS = YES_ERROR;
				CLANG_WARN_QUOTED_INCLUDE_IN_FRAMEWORK_HEADER = YES;
				CLANG_WARN_RANGE_LOOP_ANALYSIS = YES;
				CLANG_WARN_STRICT_PROTOTYPES = YES;
				CLANG_WARN_SUSPICIOUS_MOVE = YES;
				CLANG_WARN_UNGUARDED_AVAILABILITY = YES_AGGRESSIVE;
				CLANG_WARN_UNREACHABLE_CODE = YES;
				CLANG_WARN__DUPLICATE_METHOD_MATCH = YES;
				COPY_PHASE_STRIP = NO;
				DEBUG_INFORMATION_FORMAT = "dwarf-with-dsym";
				ENABLE_NS_ASSERTIONS = NO;
				ENABLE_STRICT_OBJC_MSGSEND = YES;
				GCC_C_LANGUAGE_STANDARD = gnu11;
				GCC_NO_COMMON_BLOCKS = YES;
				GCC_WARN_64_TO_32_BIT_CONVERSION = YES;
				GCC_WARN_ABOUT_RETURN_TYPE = YES_ERROR;
				GCC_WARN_UNDECLARED_SELECTOR = YES;
				GCC_WARN_UNINITIALIZED_AUTOS = YES_AGGRESSIVE;
				GCC_WARN_UNUSED_FUNCTION = YES;
				GCC_WARN_UNUSED_VARIABLE = YES;
				IPHONEOS_DEPLOYMENT_TARGET = 14.4;
				MTL_ENABLE_DEBUG_INFO = NO;
				MTL_FAST_MATH = YES;
				SDKROOT = iphoneos;
				SWIFT_COMPILATION_MODE = wholemodule;
				SWIFT_OPTIMIZATION_LEVEL = "-O";
				VALIDATE_PRODUCT = YES;
			};
			name = Release;
		};
		422A9BA52629EF4200CDDF98 /* Debug */ = {
			isa = XCBuildConfiguration;
			buildSettings = {
				ASSETCATALOG_COMPILER_APPICON_NAME = AppIcon;
				ASSETCATALOG_COMPILER_GLOBAL_ACCENT_COLOR_NAME = AccentColor;
				CODE_SIGN_STYLE = Automatic;
				DEVELOPMENT_TEAM = 3SKDDX2P3U;
				INFOPLIST_FILE = "Coffee Machine/Info.plist";
				LD_RUNPATH_SEARCH_PATHS = (
					"$(inherited)",
					"@executable_path/Frameworks",
				);
				PRODUCT_BUNDLE_IDENTIFIER = "com.webacademy.Coffee-Machine";
				PRODUCT_NAME = "$(TARGET_NAME)";
				SWIFT_VERSION = 5.0;
				TARGETED_DEVICE_FAMILY = "1,2";
			};
			name = Debug;
		};
		422A9BA62629EF4200CDDF98 /* Release */ = {
			isa = XCBuildConfiguration;
			buildSettings = {
				ASSETCATALOG_COMPILER_APPICON_NAME = AppIcon;
				ASSETCATALOG_COMPILER_GLOBAL_ACCENT_COLOR_NAME = AccentColor;
				CODE_SIGN_STYLE = Automatic;
				DEVELOPMENT_TEAM = 3SKDDX2P3U;
				INFOPLIST_FILE = "Coffee Machine/Info.plist";
				LD_RUNPATH_SEARCH_PATHS = (
					"$(inherited)",
					"@executable_path/Frameworks",
				);
				PRODUCT_BUNDLE_IDENTIFIER = "com.webacademy.Coffee-Machine";
				PRODUCT_NAME = "$(TARGET_NAME)";
				SWIFT_VERSION = 5.0;
				TARGETED_DEVICE_FAMILY = "1,2";
			};
			name = Release;
		};
/* End XCBuildConfiguration section */

/* Begin XCConfigurationList section */
		422A9B8B2629EF4100CDDF98 /* Build configuration list for PBXProject "Coffee Machine" */ = {
			isa = XCConfigurationList;
			buildConfigurations = (
				422A9BA22629EF4200CDDF98 /* Debug */,
				422A9BA32629EF4200CDDF98 /* Release */,
			);
			defaultConfigurationIsVisible = 0;
			defaultConfigurationName = Release;
		};
		422A9BA42629EF4200CDDF98 /* Build configuration list for PBXNativeTarget "Coffee Machine" */ = {
			isa = XCConfigurationList;
			buildConfigurations = (
				422A9BA52629EF4200CDDF98 /* Debug */,
				422A9BA62629EF4200CDDF98 /* Release */,
			);
			defaultConfigurationIsVisible = 0;
			defaultConfigurationName = Release;
		};
/* End XCConfigurationList section */
	};
	rootObject = 422A9B882629EF4100CDDF98 /* Project object */;
}
